
Microsoft Visual Studio Solution File, Format Version 12.00
# Visual Studio Version 17
VisualStudioVersion = 17.8.34511.84
MinimumVisualStudioVersion = 10.0.40219.1
Project("{FAE04EC0-301F-11D3-BF4B-00C04F79EFBC}") = "RotaCompanyProject", "RotaCompanyProject\RotaCompanyProject.csproj", "{648B1187-49A9-47C3-89C0-B1B77D982D30}"
EndProject
Project("{FAE04EC0-301F-11D3-BF4B-00C04F79EFBC}") = "Entities", "Entities\Entities.csproj", "{1E5EE336-6845-44F9-A365-1F4AC7F17822}"
EndProject
Project("{2150E333-8FDC-42A3-9474-1A3956D46DE8}") = "Model", "Model", "{784FF35C-782D-4800-BA7C-047169D6B605}"
EndProject
Project("{2150E333-8FDC-42A3-9474-1A3956D46DE8}") = "Data", "Data", "{7777CA38-8C67-45BE-8404-972E3CA615F8}"
EndProject
Project("{FAE04EC0-301F-11D3-BF4B-00C04F79EFBC}") = "DataLayer", "DataLayer\DataLayer.csproj", "{BC4DE6B0-BB78-42ED-B4E4-3011B6301166}"
EndProject
Global
	GlobalSection(SolutionConfigurationPlatforms) = preSolution
		Debug|Any CPU = Debug|Any CPU
		Release|Any CPU = Release|Any CPU
	EndGlobalSection
	GlobalSection(ProjectConfigurationPlatforms) = postSolution
		{648B1187-49A9-47C3-89C0-B1B77D982D30}.Debug|Any CPU.ActiveCfg = Debug|Any CPU
		{648B1187-49A9-47C3-89C0-B1B77D982D30}.Debug|Any CPU.Build.0 = Debug|Any CPU
		{648B1187-49A9-47C3-89C0-B1B77D982D30}.Release|Any CPU.ActiveCfg = Release|Any CPU
		{648B1187-49A9-47C3-89C0-B1B77D982D30}.Release|Any CPU.Build.0 = Release|Any CPU
		{1E5EE336-6845-44F9-A365-1F4AC7F17822}.Debug|Any CPU.ActiveCfg = Debug|Any CPU
		{1E5EE336-6845-44F9-A365-1F4AC7F17822}.Debug|Any CPU.Build.0 = Debug|Any CPU
		{1E5EE336-6845-44F9-A365-1F4AC7F17822}.Release|Any CPU.ActiveCfg = Release|Any CPU
		{1E5EE336-6845-44F9-A365-1F4AC7F17822}.Release|Any CPU.Build.0 = Release|Any CPU
		{BC4DE6B0-BB78-42ED-B4E4-3011B6301166}.Debug|Any CPU.ActiveCfg = Debug|Any CPU
		{BC4DE6B0-BB78-42ED-B4E4-3011B6301166}.Debug|Any CPU.Build.0 = Debug|Any CPU
		{BC4DE6B0-BB78-42ED-B4E4-3011B6301166}.Release|Any CPU.ActiveCfg = Release|Any CPU
		{BC4DE6B0-BB78-42ED-B4E4-3011B6301166}.Release|Any CPU.Build.0 = Release|Any CPU
	EndGlobalSection
	GlobalSection(SolutionProperties) = preSolution
		HideSolutionNode = FALSE
	EndGlobalSection
	GlobalSection(NestedProjects) = preSolution
		{1E5EE336-6845-44F9-A365-1F4AC7F17822} = {784FF35C-782D-4800-BA7C-047169D6B605}
		{BC4DE6B0-BB78-42ED-B4E4-3011B6301166} = {7777CA38-8C67-45BE-8404-972E3CA615F8}
	EndGlobalSection
	GlobalSection(ExtensibilityGlobals) = postSolution
		SolutionGuid = {1AED5DD9-A733-4CF5-B881-673BEA06D3A9}
	EndGlobalSection
EndGlobal
